// !$*UTF8*$!
{
	archiveVersion = 1;
	classes = {
	};
	objectVersion = 46;
	objects = {

/* Begin PBXBuildFile section */
		0498DE91A706922A84AFA8ED /* Pods_MixonUITests.framework in Frameworks */ = {isa = PBXBuildFile; fileRef = 72D75403766C0D4198FB12A8 /* Pods_MixonUITests.framework */; };
		192EBFBB1DD6EA95006A77F4 /* AppDelegate.swift in Sources */ = {isa = PBXBuildFile; fileRef = 192EBFBA1DD6EA95006A77F4 /* AppDelegate.swift */; };
		192EBFC01DD6EA95006A77F4 /* Main.storyboard in Resources */ = {isa = PBXBuildFile; fileRef = 192EBFBE1DD6EA95006A77F4 /* Main.storyboard */; };
		192EBFC21DD6EA95006A77F4 /* Assets.xcassets in Resources */ = {isa = PBXBuildFile; fileRef = 192EBFC11DD6EA95006A77F4 /* Assets.xcassets */; };
		192EBFC51DD6EA95006A77F4 /* LaunchScreen.storyboard in Resources */ = {isa = PBXBuildFile; fileRef = 192EBFC31DD6EA95006A77F4 /* LaunchScreen.storyboard */; };
		192EBFD01DD6EA95006A77F4 /* MixonTests.swift in Sources */ = {isa = PBXBuildFile; fileRef = 192EBFCF1DD6EA95006A77F4 /* MixonTests.swift */; };
		192EBFDB1DD6EA95006A77F4 /* MixonUITests.swift in Sources */ = {isa = PBXBuildFile; fileRef = 192EBFDA1DD6EA95006A77F4 /* MixonUITests.swift */; };
		192EBFE91DD6ECEA006A77F4 /* WelcomeViewController.swift in Sources */ = {isa = PBXBuildFile; fileRef = 192EBFE81DD6ECEA006A77F4 /* WelcomeViewController.swift */; };
		192EBFEB1DD6ED4B006A77F4 /* SelectCocktailBaseViewController.swift in Sources */ = {isa = PBXBuildFile; fileRef = 192EBFEA1DD6ED4B006A77F4 /* SelectCocktailBaseViewController.swift */; };
		192EBFED1DD6ED55006A77F4 /* HomeViewController.swift in Sources */ = {isa = PBXBuildFile; fileRef = 192EBFEC1DD6ED55006A77F4 /* HomeViewController.swift */; };
		192EBFF11DD6ED8D006A77F4 /* CocktailMakeViewController.swift in Sources */ = {isa = PBXBuildFile; fileRef = 192EBFF01DD6ED8D006A77F4 /* CocktailMakeViewController.swift */; };
		192EBFF41DD6F033006A77F4 /* Base.swift in Sources */ = {isa = PBXBuildFile; fileRef = 192EBFF31DD6F033006A77F4 /* Base.swift */; };
		192EBFF71DD6F043006A77F4 /* Cocktail.swift in Sources */ = {isa = PBXBuildFile; fileRef = 192EBFF61DD6F043006A77F4 /* Cocktail.swift */; };
		192EBFFD1DD6F1DD006A77F4 /* BaseCoordinator.swift in Sources */ = {isa = PBXBuildFile; fileRef = 192EBFFC1DD6F1DD006A77F4 /* BaseCoordinator.swift */; };
		192EBFFF1DD6F1E5006A77F4 /* CocktailCoordinator.swift in Sources */ = {isa = PBXBuildFile; fileRef = 192EBFFE1DD6F1E5006A77F4 /* CocktailCoordinator.swift */; };
		192EC00C1DD70EA7006A77F4 /* CocktailTableViewCell.swift in Sources */ = {isa = PBXBuildFile; fileRef = 192EC00B1DD70EA7006A77F4 /* CocktailTableViewCell.swift */; };
		1939D66F1DE0867B0042269C /* CocktailSelectCollectionViewCell.swift in Sources */ = {isa = PBXBuildFile; fileRef = 1939D66E1DE0867B0042269C /* CocktailSelectCollectionViewCell.swift */; };
		1939D6711DE086860042269C /* CocktailSelectStartCollectionViewCell.swift in Sources */ = {isa = PBXBuildFile; fileRef = 1939D6701DE086860042269C /* CocktailSelectStartCollectionViewCell.swift */; };
		198E389A1DE07F7600698D61 /* base.csv in Resources */ = {isa = PBXBuildFile; fileRef = 198E38981DE07F7600698D61 /* base.csv */; };
		198E389B1DE07F7600698D61 /* cocktail.csv in Resources */ = {isa = PBXBuildFile; fileRef = 198E38991DE07F7600698D61 /* cocktail.csv */; };
		198E389D1DE07FB900698D61 /* default.realm in Resources */ = {isa = PBXBuildFile; fileRef = 198E389C1DE07FB900698D61 /* default.realm */; };
		460D40074280D843FD254875 /* Pods_Mixon.framework in Frameworks */ = {isa = PBXBuildFile; fileRef = F7AE13FA04E327EF3005CB17 /* Pods_Mixon.framework */; };
		6706F528119621061FA648D5 /* Pods_MixonTests.framework in Frameworks */ = {isa = PBXBuildFile; fileRef = D3DF6A5839C88127B138B137 /* Pods_MixonTests.framework */; };
/* End PBXBuildFile section */

/* Begin PBXContainerItemProxy section */
		192EBFCC1DD6EA95006A77F4 /* PBXContainerItemProxy */ = {
			isa = PBXContainerItemProxy;
			containerPortal = 192EBFAF1DD6EA94006A77F4 /* Project object */;
			proxyType = 1;
			remoteGlobalIDString = 192EBFB61DD6EA94006A77F4;
			remoteInfo = Mixon;
		};
		192EBFD71DD6EA95006A77F4 /* PBXContainerItemProxy */ = {
			isa = PBXContainerItemProxy;
			containerPortal = 192EBFAF1DD6EA94006A77F4 /* Project object */;
			proxyType = 1;
			remoteGlobalIDString = 192EBFB61DD6EA94006A77F4;
			remoteInfo = Mixon;
		};
/* End PBXContainerItemProxy section */

/* Begin PBXFileReference section */
		044D7B4247D0722659BAED61 /* Pods-Mixon.release.xcconfig */ = {isa = PBXFileReference; includeInIndex = 1; lastKnownFileType = text.xcconfig; name = "Pods-Mixon.release.xcconfig"; path = "Pods/Target Support Files/Pods-Mixon/Pods-Mixon.release.xcconfig"; sourceTree = "<group>"; };
		192EBFB71DD6EA95006A77F4 /* Mixon.app */ = {isa = PBXFileReference; explicitFileType = wrapper.application; includeInIndex = 0; path = Mixon.app; sourceTree = BUILT_PRODUCTS_DIR; };
		192EBFBA1DD6EA95006A77F4 /* AppDelegate.swift */ = {isa = PBXFileReference; lastKnownFileType = sourcecode.swift; path = AppDelegate.swift; sourceTree = "<group>"; };
		192EBFBF1DD6EA95006A77F4 /* Base */ = {isa = PBXFileReference; lastKnownFileType = file.storyboard; name = Base; path = Base.lproj/Main.storyboard; sourceTree = "<group>"; };
		192EBFC11DD6EA95006A77F4 /* Assets.xcassets */ = {isa = PBXFileReference; lastKnownFileType = folder.assetcatalog; path = Assets.xcassets; sourceTree = "<group>"; };
		192EBFC41DD6EA95006A77F4 /* Base */ = {isa = PBXFileReference; lastKnownFileType = file.storyboard; name = Base; path = Base.lproj/LaunchScreen.storyboard; sourceTree = "<group>"; };
		192EBFC61DD6EA95006A77F4 /* Info.plist */ = {isa = PBXFileReference; lastKnownFileType = text.plist.xml; path = Info.plist; sourceTree = "<group>"; };
		192EBFCB1DD6EA95006A77F4 /* MixonTests.xctest */ = {isa = PBXFileReference; explicitFileType = wrapper.cfbundle; includeInIndex = 0; path = MixonTests.xctest; sourceTree = BUILT_PRODUCTS_DIR; };
		192EBFCF1DD6EA95006A77F4 /* MixonTests.swift */ = {isa = PBXFileReference; lastKnownFileType = sourcecode.swift; path = MixonTests.swift; sourceTree = "<group>"; };
		192EBFD11DD6EA95006A77F4 /* Info.plist */ = {isa = PBXFileReference; lastKnownFileType = text.plist.xml; path = Info.plist; sourceTree = "<group>"; };
		192EBFD61DD6EA95006A77F4 /* MixonUITests.xctest */ = {isa = PBXFileReference; explicitFileType = wrapper.cfbundle; includeInIndex = 0; path = MixonUITests.xctest; sourceTree = BUILT_PRODUCTS_DIR; };
		192EBFDA1DD6EA95006A77F4 /* MixonUITests.swift */ = {isa = PBXFileReference; lastKnownFileType = sourcecode.swift; path = MixonUITests.swift; sourceTree = "<group>"; };
		192EBFDC1DD6EA95006A77F4 /* Info.plist */ = {isa = PBXFileReference; lastKnownFileType = text.plist.xml; path = Info.plist; sourceTree = "<group>"; };
		192EBFE81DD6ECEA006A77F4 /* WelcomeViewController.swift */ = {isa = PBXFileReference; fileEncoding = 4; lastKnownFileType = sourcecode.swift; path = WelcomeViewController.swift; sourceTree = "<group>"; };
		192EBFEA1DD6ED4B006A77F4 /* SelectCocktailBaseViewController.swift */ = {isa = PBXFileReference; fileEncoding = 4; lastKnownFileType = sourcecode.swift; path = SelectCocktailBaseViewController.swift; sourceTree = "<group>"; };
		192EBFEC1DD6ED55006A77F4 /* HomeViewController.swift */ = {isa = PBXFileReference; fileEncoding = 4; lastKnownFileType = sourcecode.swift; path = HomeViewController.swift; sourceTree = "<group>"; };
		192EBFF01DD6ED8D006A77F4 /* CocktailMakeViewController.swift */ = {isa = PBXFileReference; fileEncoding = 4; lastKnownFileType = sourcecode.swift; path = CocktailMakeViewController.swift; sourceTree = "<group>"; };
		192EBFF31DD6F033006A77F4 /* Base.swift */ = {isa = PBXFileReference; fileEncoding = 4; lastKnownFileType = sourcecode.swift; path = Base.swift; sourceTree = "<group>"; };
		192EBFF61DD6F043006A77F4 /* Cocktail.swift */ = {isa = PBXFileReference; fileEncoding = 4; lastKnownFileType = sourcecode.swift; path = Cocktail.swift; sourceTree = "<group>"; };
		192EBFFC1DD6F1DD006A77F4 /* BaseCoordinator.swift */ = {isa = PBXFileReference; fileEncoding = 4; lastKnownFileType = sourcecode.swift; path = BaseCoordinator.swift; sourceTree = "<group>"; };
		192EBFFE1DD6F1E5006A77F4 /* CocktailCoordinator.swift */ = {isa = PBXFileReference; fileEncoding = 4; lastKnownFileType = sourcecode.swift; path = CocktailCoordinator.swift; sourceTree = "<group>"; };
		192EC00B1DD70EA7006A77F4 /* CocktailTableViewCell.swift */ = {isa = PBXFileReference; fileEncoding = 4; lastKnownFileType = sourcecode.swift; path = CocktailTableViewCell.swift; sourceTree = "<group>"; };
		1939D66E1DE0867B0042269C /* CocktailSelectCollectionViewCell.swift */ = {isa = PBXFileReference; fileEncoding = 4; lastKnownFileType = sourcecode.swift; path = CocktailSelectCollectionViewCell.swift; sourceTree = "<group>"; };
		1939D6701DE086860042269C /* CocktailSelectStartCollectionViewCell.swift */ = {isa = PBXFileReference; fileEncoding = 4; lastKnownFileType = sourcecode.swift; path = CocktailSelectStartCollectionViewCell.swift; sourceTree = "<group>"; };
		198E38981DE07F7600698D61 /* base.csv */ = {isa = PBXFileReference; fileEncoding = 4; lastKnownFileType = text; name = base.csv; path = ../DB/base.csv; sourceTree = "<group>"; };
		198E38991DE07F7600698D61 /* cocktail.csv */ = {isa = PBXFileReference; fileEncoding = 4; lastKnownFileType = text; name = cocktail.csv; path = ../DB/cocktail.csv; sourceTree = "<group>"; };
		198E389C1DE07FB900698D61 /* default.realm */ = {isa = PBXFileReference; lastKnownFileType = file; name = default.realm; path = DB/default.realm; sourceTree = SOURCE_ROOT; };
		20C2C7A157F1A4144D4BD7C2 /* Pods-MixonUITests.release.xcconfig */ = {isa = PBXFileReference; includeInIndex = 1; lastKnownFileType = text.xcconfig; name = "Pods-MixonUITests.release.xcconfig"; path = "Pods/Target Support Files/Pods-MixonUITests/Pods-MixonUITests.release.xcconfig"; sourceTree = "<group>"; };
		66E2ACC2B2ECE0C3B55385BB /* Pods-MixonTests.debug.xcconfig */ = {isa = PBXFileReference; includeInIndex = 1; lastKnownFileType = text.xcconfig; name = "Pods-MixonTests.debug.xcconfig"; path = "Pods/Target Support Files/Pods-MixonTests/Pods-MixonTests.debug.xcconfig"; sourceTree = "<group>"; };
		72D75403766C0D4198FB12A8 /* Pods_MixonUITests.framework */ = {isa = PBXFileReference; explicitFileType = wrapper.framework; includeInIndex = 0; path = Pods_MixonUITests.framework; sourceTree = BUILT_PRODUCTS_DIR; };
		AF9B39D558FB2C5266A16973 /* Pods-Mixon.debug.xcconfig */ = {isa = PBXFileReference; includeInIndex = 1; lastKnownFileType = text.xcconfig; name = "Pods-Mixon.debug.xcconfig"; path = "Pods/Target Support Files/Pods-Mixon/Pods-Mixon.debug.xcconfig"; sourceTree = "<group>"; };
		C31999F23FE7A36D7BAA17C3 /* Pods-MixonTests.release.xcconfig */ = {isa = PBXFileReference; includeInIndex = 1; lastKnownFileType = text.xcconfig; name = "Pods-MixonTests.release.xcconfig"; path = "Pods/Target Support Files/Pods-MixonTests/Pods-MixonTests.release.xcconfig"; sourceTree = "<group>"; };
		D3DF6A5839C88127B138B137 /* Pods_MixonTests.framework */ = {isa = PBXFileReference; explicitFileType = wrapper.framework; includeInIndex = 0; path = Pods_MixonTests.framework; sourceTree = BUILT_PRODUCTS_DIR; };
		EF6ABC5C698DC55A3F882975 /* Pods-MixonUITests.debug.xcconfig */ = {isa = PBXFileReference; includeInIndex = 1; lastKnownFileType = text.xcconfig; name = "Pods-MixonUITests.debug.xcconfig"; path = "Pods/Target Support Files/Pods-MixonUITests/Pods-MixonUITests.debug.xcconfig"; sourceTree = "<group>"; };
		F7AE13FA04E327EF3005CB17 /* Pods_Mixon.framework */ = {isa = PBXFileReference; explicitFileType = wrapper.framework; includeInIndex = 0; path = Pods_Mixon.framework; sourceTree = BUILT_PRODUCTS_DIR; };
/* End PBXFileReference section */

/* Begin PBXFrameworksBuildPhase section */
		192EBFB41DD6EA94006A77F4 /* Frameworks */ = {
			isa = PBXFrameworksBuildPhase;
			buildActionMask = 2147483647;
			files = (
				460D40074280D843FD254875 /* Pods_Mixon.framework in Frameworks */,
			);
			runOnlyForDeploymentPostprocessing = 0;
		};
		192EBFC81DD6EA95006A77F4 /* Frameworks */ = {
			isa = PBXFrameworksBuildPhase;
			buildActionMask = 2147483647;
			files = (
				6706F528119621061FA648D5 /* Pods_MixonTests.framework in Frameworks */,
			);
			runOnlyForDeploymentPostprocessing = 0;
		};
		192EBFD31DD6EA95006A77F4 /* Frameworks */ = {
			isa = PBXFrameworksBuildPhase;
			buildActionMask = 2147483647;
			files = (
				0498DE91A706922A84AFA8ED /* Pods_MixonUITests.framework in Frameworks */,
			);
			runOnlyForDeploymentPostprocessing = 0;
		};
/* End PBXFrameworksBuildPhase section */

/* Begin PBXGroup section */
		192EBFAE1DD6EA94006A77F4 = {
			isa = PBXGroup;
			children = (
				192EBFB91DD6EA95006A77F4 /* Mixon */,
				192EBFCE1DD6EA95006A77F4 /* MixonTests */,
				192EBFD91DD6EA95006A77F4 /* MixonUITests */,
				192EBFB81DD6EA95006A77F4 /* Products */,
				BF1D3BA7A8756B011C38B0D9 /* Pods */,
				32AD4300FBED267BE961FD39 /* Frameworks */,
			);
			sourceTree = "<group>";
		};
		192EBFB81DD6EA95006A77F4 /* Products */ = {
			isa = PBXGroup;
			children = (
				192EBFB71DD6EA95006A77F4 /* Mixon.app */,
				192EBFCB1DD6EA95006A77F4 /* MixonTests.xctest */,
				192EBFD61DD6EA95006A77F4 /* MixonUITests.xctest */,
			);
			name = Products;
			sourceTree = "<group>";
		};
		192EBFB91DD6EA95006A77F4 /* Mixon */ = {
			isa = PBXGroup;
			children = (
				192EBFBA1DD6EA95006A77F4 /* AppDelegate.swift */,
				192EC0021DD6FAC4006A77F4 /* Welcome */,
				192EC0031DD6FAC9006A77F4 /* SelectCocktail */,
				192EC00A1DD709ED006A77F4 /* Home */,
				192EC0131DD7653A006A77F4 /* CocktailDetail */,
				192EC0141DD77067006A77F4 /* CocktailMake */,
				192EBFF51DD6F03A006A77F4 /* Model */,
				192EBFBE1DD6EA95006A77F4 /* Main.storyboard */,
				192EBFC11DD6EA95006A77F4 /* Assets.xcassets */,
				192EBFC31DD6EA95006A77F4 /* LaunchScreen.storyboard */,
				192EBFC61DD6EA95006A77F4 /* Info.plist */,
			);
			path = Mixon;
			sourceTree = "<group>";
		};
		192EBFCE1DD6EA95006A77F4 /* MixonTests */ = {
			isa = PBXGroup;
			children = (
				192EBFCF1DD6EA95006A77F4 /* MixonTests.swift */,
				192EBFD11DD6EA95006A77F4 /* Info.plist */,
			);
			path = MixonTests;
			sourceTree = "<group>";
		};
		192EBFD91DD6EA95006A77F4 /* MixonUITests */ = {
			isa = PBXGroup;
			children = (
				192EBFDA1DD6EA95006A77F4 /* MixonUITests.swift */,
				192EBFDC1DD6EA95006A77F4 /* Info.plist */,
			);
			path = MixonUITests;
			sourceTree = "<group>";
		};
		192EBFF51DD6F03A006A77F4 /* Model */ = {
			isa = PBXGroup;
			children = (
				198E389C1DE07FB900698D61 /* default.realm */,
				198E38981DE07F7600698D61 /* base.csv */,
				198E38991DE07F7600698D61 /* cocktail.csv */,
				192EBFF31DD6F033006A77F4 /* Base.swift */,
				192EBFF61DD6F043006A77F4 /* Cocktail.swift */,
				192EBFFC1DD6F1DD006A77F4 /* BaseCoordinator.swift */,
				192EBFFE1DD6F1E5006A77F4 /* CocktailCoordinator.swift */,
			);
			name = Model;
			sourceTree = "<group>";
		};
		192EC0021DD6FAC4006A77F4 /* Welcome */ = {
			isa = PBXGroup;
			children = (
				192EBFE81DD6ECEA006A77F4 /* WelcomeViewController.swift */,
			);
			name = Welcome;
			sourceTree = "<group>";
		};
		192EC0031DD6FAC9006A77F4 /* SelectCocktail */ = {
			isa = PBXGroup;
			children = (
				192EBFEA1DD6ED4B006A77F4 /* SelectCocktailBaseViewController.swift */,
				1939D66E1DE0867B0042269C /* CocktailSelectCollectionViewCell.swift */,
				1939D6701DE086860042269C /* CocktailSelectStartCollectionViewCell.swift */,
			);
			name = SelectCocktail;
			sourceTree = "<group>";
		};
		192EC00A1DD709ED006A77F4 /* Home */ = {
			isa = PBXGroup;
			children = (
				192EBFEC1DD6ED55006A77F4 /* HomeViewController.swift */,
				192EC00B1DD70EA7006A77F4 /* CocktailTableViewCell.swift */,
			);
			name = Home;
			sourceTree = "<group>";
		};
		192EC0131DD7653A006A77F4 /* CocktailDetail */ = {
			isa = PBXGroup;
			children = (
			);
			name = CocktailDetail;
			sourceTree = "<group>";
		};
		192EC0141DD77067006A77F4 /* CocktailMake */ = {
			isa = PBXGroup;
			children = (
				192EBFF01DD6ED8D006A77F4 /* CocktailMakeViewController.swift */,
			);
			name = CocktailMake;
			sourceTree = "<group>";
		};
		32AD4300FBED267BE961FD39 /* Frameworks */ = {
			isa = PBXGroup;
			children = (
				F7AE13FA04E327EF3005CB17 /* Pods_Mixon.framework */,
				D3DF6A5839C88127B138B137 /* Pods_MixonTests.framework */,
				72D75403766C0D4198FB12A8 /* Pods_MixonUITests.framework */,
			);
			name = Frameworks;
			sourceTree = "<group>";
		};
		BF1D3BA7A8756B011C38B0D9 /* Pods */ = {
			isa = PBXGroup;
			children = (
				AF9B39D558FB2C5266A16973 /* Pods-Mixon.debug.xcconfig */,
				044D7B4247D0722659BAED61 /* Pods-Mixon.release.xcconfig */,
				66E2ACC2B2ECE0C3B55385BB /* Pods-MixonTests.debug.xcconfig */,
				C31999F23FE7A36D7BAA17C3 /* Pods-MixonTests.release.xcconfig */,
				EF6ABC5C698DC55A3F882975 /* Pods-MixonUITests.debug.xcconfig */,
				20C2C7A157F1A4144D4BD7C2 /* Pods-MixonUITests.release.xcconfig */,
			);
			name = Pods;
			sourceTree = "<group>";
		};
/* End PBXGroup section */

/* Begin PBXNativeTarget section */
		192EBFB61DD6EA94006A77F4 /* Mixon */ = {
			isa = PBXNativeTarget;
			buildConfigurationList = 192EBFDF1DD6EA95006A77F4 /* Build configuration list for PBXNativeTarget "Mixon" */;
			buildPhases = (
				F28739146BC1F8C63CE6C6FF /* [CP] Check Pods Manifest.lock */,
				192EBFB31DD6EA94006A77F4 /* Sources */,
				192EBFB41DD6EA94006A77F4 /* Frameworks */,
				192EBFB51DD6EA94006A77F4 /* Resources */,
				43DE27E40875C141F5CF0419 /* [CP] Embed Pods Frameworks */,
				208C17399061F6C9CC79094F /* [CP] Copy Pods Resources */,
			);
			buildRules = (
			);
			dependencies = (
			);
			name = Mixon;
			productName = Mixon;
			productReference = 192EBFB71DD6EA95006A77F4 /* Mixon.app */;
			productType = "com.apple.product-type.application";
		};
		192EBFCA1DD6EA95006A77F4 /* MixonTests */ = {
			isa = PBXNativeTarget;
			buildConfigurationList = 192EBFE21DD6EA95006A77F4 /* Build configuration list for PBXNativeTarget "MixonTests" */;
			buildPhases = (
				B93CD0F64822DDAF1C9B1DE7 /* [CP] Check Pods Manifest.lock */,
				192EBFC71DD6EA95006A77F4 /* Sources */,
				192EBFC81DD6EA95006A77F4 /* Frameworks */,
				192EBFC91DD6EA95006A77F4 /* Resources */,
				123457474E4BF1BF2F830C9D /* [CP] Embed Pods Frameworks */,
				E52C8FD923FDFA023B6C2AA5 /* [CP] Copy Pods Resources */,
			);
			buildRules = (
			);
			dependencies = (
				192EBFCD1DD6EA95006A77F4 /* PBXTargetDependency */,
			);
			name = MixonTests;
			productName = MixonTests;
			productReference = 192EBFCB1DD6EA95006A77F4 /* MixonTests.xctest */;
			productType = "com.apple.product-type.bundle.unit-test";
		};
		192EBFD51DD6EA95006A77F4 /* MixonUITests */ = {
			isa = PBXNativeTarget;
			buildConfigurationList = 192EBFE51DD6EA95006A77F4 /* Build configuration list for PBXNativeTarget "MixonUITests" */;
			buildPhases = (
				B671C197809B2FE365798624 /* [CP] Check Pods Manifest.lock */,
				192EBFD21DD6EA95006A77F4 /* Sources */,
				192EBFD31DD6EA95006A77F4 /* Frameworks */,
				192EBFD41DD6EA95006A77F4 /* Resources */,
				D6C66A76B7CC097D17394F71 /* [CP] Embed Pods Frameworks */,
				4E6D981B64C19996C7EA2D35 /* [CP] Copy Pods Resources */,
			);
			buildRules = (
			);
			dependencies = (
				192EBFD81DD6EA95006A77F4 /* PBXTargetDependency */,
			);
			name = MixonUITests;
			productName = MixonUITests;
			productReference = 192EBFD61DD6EA95006A77F4 /* MixonUITests.xctest */;
			productType = "com.apple.product-type.bundle.ui-testing";
		};
/* End PBXNativeTarget section */

/* Begin PBXProject section */
		192EBFAF1DD6EA94006A77F4 /* Project object */ = {
			isa = PBXProject;
			attributes = {
				LastSwiftUpdateCheck = 0810;
				LastUpgradeCheck = 0810;
				ORGANIZATIONNAME = "Baba Minami";
				TargetAttributes = {
					192EBFB61DD6EA94006A77F4 = {
						CreatedOnToolsVersion = 8.1;
						DevelopmentTeam = GSYY7UBQ7A;
						ProvisioningStyle = Automatic;
					};
					192EBFCA1DD6EA95006A77F4 = {
						CreatedOnToolsVersion = 8.1;
						ProvisioningStyle = Automatic;
						TestTargetID = 192EBFB61DD6EA94006A77F4;
					};
					192EBFD51DD6EA95006A77F4 = {
						CreatedOnToolsVersion = 8.1;
						ProvisioningStyle = Automatic;
						TestTargetID = 192EBFB61DD6EA94006A77F4;
					};
				};
			};
			buildConfigurationList = 192EBFB21DD6EA94006A77F4 /* Build configuration list for PBXProject "Mixon" */;
			compatibilityVersion = "Xcode 3.2";
			developmentRegion = English;
			hasScannedForEncodings = 0;
			knownRegions = (
				en,
				Base,
			);
			mainGroup = 192EBFAE1DD6EA94006A77F4;
			productRefGroup = 192EBFB81DD6EA95006A77F4 /* Products */;
			projectDirPath = "";
			projectRoot = "";
			targets = (
				192EBFB61DD6EA94006A77F4 /* Mixon */,
				192EBFCA1DD6EA95006A77F4 /* MixonTests */,
				192EBFD51DD6EA95006A77F4 /* MixonUITests */,
			);
		};
/* End PBXProject section */

/* Begin PBXResourcesBuildPhase section */
		192EBFB51DD6EA94006A77F4 /* Resources */ = {
			isa = PBXResourcesBuildPhase;
			buildActionMask = 2147483647;
			files = (
				192EBFC51DD6EA95006A77F4 /* LaunchScreen.storyboard in Resources */,
				198E389B1DE07F7600698D61 /* cocktail.csv in Resources */,
				198E389A1DE07F7600698D61 /* base.csv in Resources */,
				192EBFC21DD6EA95006A77F4 /* Assets.xcassets in Resources */,
				192EBFC01DD6EA95006A77F4 /* Main.storyboard in Resources */,
				198E389D1DE07FB900698D61 /* default.realm in Resources */,
			);
			runOnlyForDeploymentPostprocessing = 0;
		};
		192EBFC91DD6EA95006A77F4 /* Resources */ = {
			isa = PBXResourcesBuildPhase;
			buildActionMask = 2147483647;
			files = (
			);
			runOnlyForDeploymentPostprocessing = 0;
		};
		192EBFD41DD6EA95006A77F4 /* Resources */ = {
			isa = PBXResourcesBuildPhase;
			buildActionMask = 2147483647;
			files = (
			);
			runOnlyForDeploymentPostprocessing = 0;
		};
/* End PBXResourcesBuildPhase section */

/* Begin PBXShellScriptBuildPhase section */
		123457474E4BF1BF2F830C9D /* [CP] Embed Pods Frameworks */ = {
			isa = PBXShellScriptBuildPhase;
			buildActionMask = 2147483647;
			files = (
			);
			inputPaths = (
			);
			name = "[CP] Embed Pods Frameworks";
			outputPaths = (
			);
			runOnlyForDeploymentPostprocessing = 0;
			shellPath = /bin/sh;
			shellScript = "\"${SRCROOT}/Pods/Target Support Files/Pods-MixonTests/Pods-MixonTests-frameworks.sh\"\n";
			showEnvVarsInLog = 0;
		};
		208C17399061F6C9CC79094F /* [CP] Copy Pods Resources */ = {
			isa = PBXShellScriptBuildPhase;
			buildActionMask = 2147483647;
			files = (
			);
			inputPaths = (
			);
			name = "[CP] Copy Pods Resources";
			outputPaths = (
			);
			runOnlyForDeploymentPostprocessing = 0;
			shellPath = /bin/sh;
			shellScript = "\"${SRCROOT}/Pods/Target Support Files/Pods-Mixon/Pods-Mixon-resources.sh\"\n";
			showEnvVarsInLog = 0;
		};
		43DE27E40875C141F5CF0419 /* [CP] Embed Pods Frameworks */ = {
			isa = PBXShellScriptBuildPhase;
			buildActionMask = 2147483647;
			files = (
			);
			inputPaths = (
			);
			name = "[CP] Embed Pods Frameworks";
			outputPaths = (
			);
			runOnlyForDeploymentPostprocessing = 0;
			shellPath = /bin/sh;
			shellScript = "\"${SRCROOT}/Pods/Target Support Files/Pods-Mixon/Pods-Mixon-frameworks.sh\"\n";
			showEnvVarsInLog = 0;
		};
		4E6D981B64C19996C7EA2D35 /* [CP] Copy Pods Resources */ = {
			isa = PBXShellScriptBuildPhase;
			buildActionMask = 2147483647;
			files = (
			);
			inputPaths = (
			);
			name = "[CP] Copy Pods Resources";
			outputPaths = (
			);
			runOnlyForDeploymentPostprocessing = 0;
			shellPath = /bin/sh;
			shellScript = "\"${SRCROOT}/Pods/Target Support Files/Pods-MixonUITests/Pods-MixonUITests-resources.sh\"\n";
			showEnvVarsInLog = 0;
		};
		B671C197809B2FE365798624 /* [CP] Check Pods Manifest.lock */ = {
			isa = PBXShellScriptBuildPhase;
			buildActionMask = 2147483647;
			files = (
			);
			inputPaths = (
			);
			name = "[CP] Check Pods Manifest.lock";
			outputPaths = (
			);
			runOnlyForDeploymentPostprocessing = 0;
			shellPath = /bin/sh;
			shellScript = "diff \"${PODS_ROOT}/../Podfile.lock\" \"${PODS_ROOT}/Manifest.lock\" > /dev/null\nif [ $? != 0 ] ; then\n    # print error to STDERR\n    echo \"error: The sandbox is not in sync with the Podfile.lock. Run 'pod install' or update your CocoaPods installation.\" >&2\n    exit 1\nfi\n";
			showEnvVarsInLog = 0;
		};
		B93CD0F64822DDAF1C9B1DE7 /* [CP] Check Pods Manifest.lock */ = {
			isa = PBXShellScriptBuildPhase;
			buildActionMask = 2147483647;
			files = (
			);
			inputPaths = (
			);
			name = "[CP] Check Pods Manifest.lock";
			outputPaths = (
			);
			runOnlyForDeploymentPostprocessing = 0;
			shellPath = /bin/sh;
			shellScript = "diff \"${PODS_ROOT}/../Podfile.lock\" \"${PODS_ROOT}/Manifest.lock\" > /dev/null\nif [ $? != 0 ] ; then\n    # print error to STDERR\n    echo \"error: The sandbox is not in sync with the Podfile.lock. Run 'pod install' or update your CocoaPods installation.\" >&2\n    exit 1\nfi\n";
			showEnvVarsInLog = 0;
		};
		D6C66A76B7CC097D17394F71 /* [CP] Embed Pods Frameworks */ = {
			isa = PBXShellScriptBuildPhase;
			buildActionMask = 2147483647;
			files = (
			);
			inputPaths = (
			);
			name = "[CP] Embed Pods Frameworks";
			outputPaths = (
			);
			runOnlyForDeploymentPostprocessing = 0;
			shellPath = /bin/sh;
			shellScript = "\"${SRCROOT}/Pods/Target Support Files/Pods-MixonUITests/Pods-MixonUITests-frameworks.sh\"\n";
			showEnvVarsInLog = 0;
		};
		E52C8FD923FDFA023B6C2AA5 /* [CP] Copy Pods Resources */ = {
			isa = PBXShellScriptBuildPhase;
			buildActionMask = 2147483647;
			files = (
			);
			inputPaths = (
			);
			name = "[CP] Copy Pods Resources";
			outputPaths = (
			);
			runOnlyForDeploymentPostprocessing = 0;
			shellPath = /bin/sh;
			shellScript = "\"${SRCROOT}/Pods/Target Support Files/Pods-MixonTests/Pods-MixonTests-resources.sh\"\n";
			showEnvVarsInLog = 0;
		};
		F28739146BC1F8C63CE6C6FF /* [CP] Check Pods Manifest.lock */ = {
			isa = PBXShellScriptBuildPhase;
			buildActionMask = 2147483647;
			files = (
			);
			inputPaths = (
			);
			name = "[CP] Check Pods Manifest.lock";
			outputPaths = (
			);
			runOnlyForDeploymentPostprocessing = 0;
			shellPath = /bin/sh;
			shellScript = "diff \"${PODS_ROOT}/../Podfile.lock\" \"${PODS_ROOT}/Manifest.lock\" > /dev/null\nif [ $? != 0 ] ; then\n    # print error to STDERR\n    echo \"error: The sandbox is not in sync with the Podfile.lock. Run 'pod install' or update your CocoaPods installation.\" >&2\n    exit 1\nfi\n";
			showEnvVarsInLog = 0;
		};
/* End PBXShellScriptBuildPhase section */

/* Begin PBXSourcesBuildPhase section */
		192EBFB31DD6EA94006A77F4 /* Sources */ = {
			isa = PBXSourcesBuildPhase;
			buildActionMask = 2147483647;
			files = (
				192EBFF11DD6ED8D006A77F4 /* CocktailMakeViewController.swift in Sources */,
				192EBFFD1DD6F1DD006A77F4 /* BaseCoordinator.swift in Sources */,
				1939D6711DE086860042269C /* CocktailSelectStartCollectionViewCell.swift in Sources */,
				192EC00C1DD70EA7006A77F4 /* CocktailTableViewCell.swift in Sources */,
				192EBFEB1DD6ED4B006A77F4 /* SelectCocktailBaseViewController.swift in Sources */,
				192EBFBB1DD6EA95006A77F4 /* AppDelegate.swift in Sources */,
				1939D66F1DE0867B0042269C /* CocktailSelectCollectionViewCell.swift in Sources */,
				192EBFFF1DD6F1E5006A77F4 /* CocktailCoordinator.swift in Sources */,
				192EBFF71DD6F043006A77F4 /* Cocktail.swift in Sources */,
				192EBFE91DD6ECEA006A77F4 /* WelcomeViewController.swift in Sources */,
				192EBFF41DD6F033006A77F4 /* Base.swift in Sources */,
				192EBFED1DD6ED55006A77F4 /* HomeViewController.swift in Sources */,
			);
			runOnlyForDeploymentPostprocessing = 0;
		};
		192EBFC71DD6EA95006A77F4 /* Sources */ = {
			isa = PBXSourcesBuildPhase;
			buildActionMask = 2147483647;
			files = (
				192EBFD01DD6EA95006A77F4 /* MixonTests.swift in Sources */,
			);
			runOnlyForDeploymentPostprocessing = 0;
		};
		192EBFD21DD6EA95006A77F4 /* Sources */ = {
			isa = PBXSourcesBuildPhase;
			buildActionMask = 2147483647;
			files = (
				192EBFDB1DD6EA95006A77F4 /* MixonUITests.swift in Sources */,
			);
			runOnlyForDeploymentPostprocessing = 0;
		};
/* End PBXSourcesBuildPhase section */

/* Begin PBXTargetDependency section */
		192EBFCD1DD6EA95006A77F4 /* PBXTargetDependency */ = {
			isa = PBXTargetDependency;
			target = 192EBFB61DD6EA94006A77F4 /* Mixon */;
			targetProxy = 192EBFCC1DD6EA95006A77F4 /* PBXContainerItemProxy */;
		};
		192EBFD81DD6EA95006A77F4 /* PBXTargetDependency */ = {
			isa = PBXTargetDependency;
			target = 192EBFB61DD6EA94006A77F4 /* Mixon */;
			targetProxy = 192EBFD71DD6EA95006A77F4 /* PBXContainerItemProxy */;
		};
/* End PBXTargetDependency section */

/* Begin PBXVariantGroup section */
		192EBFBE1DD6EA95006A77F4 /* Main.storyboard */ = {
			isa = PBXVariantGroup;
			children = (
				192EBFBF1DD6EA95006A77F4 /* Base */,
			);
			name = Main.storyboard;
			sourceTree = "<group>";
		};
		192EBFC31DD6EA95006A77F4 /* LaunchScreen.storyboard */ = {
			isa = PBXVariantGroup;
			children = (
				192EBFC41DD6EA95006A77F4 /* Base */,
			);
			name = LaunchScreen.storyboard;
			sourceTree = "<group>";
		};
/* End PBXVariantGroup section */

/* Begin XCBuildConfiguration section */
		192EBFDD1DD6EA95006A77F4 /* Debug */ = {
			isa = XCBuildConfiguration;
			buildSettings = {
				ALWAYS_SEARCH_USER_PATHS = NO;
				CLANG_ANALYZER_NONNULL = YES;
				CLANG_CXX_LANGUAGE_STANDARD = "gnu++0x";
				CLANG_CXX_LIBRARY = "libc++";
				CLANG_ENABLE_MODULES = YES;
				CLANG_ENABLE_OBJC_ARC = YES;
				CLANG_WARN_BOOL_CONVERSION = YES;
				CLANG_WARN_CONSTANT_CONVERSION = YES;
				CLANG_WARN_DIRECT_OBJC_ISA_USAGE = YES_ERROR;
				CLANG_WARN_DOCUMENTATION_COMMENTS = YES;
				CLANG_WARN_EMPTY_BODY = YES;
				CLANG_WARN_ENUM_CONVERSION = YES;
				CLANG_WARN_INFINITE_RECURSION = YES;
				CLANG_WARN_INT_CONVERSION = YES;
				CLANG_WARN_OBJC_ROOT_CLASS = YES_ERROR;
				CLANG_WARN_SUSPICIOUS_MOVES = YES;
				CLANG_WARN_UNREACHABLE_CODE = YES;
				CLANG_WARN__DUPLICATE_METHOD_MATCH = YES;
				"CODE_SIGN_IDENTITY[sdk=iphoneos*]" = "iPhone Developer";
				COPY_PHASE_STRIP = NO;
				DEBUG_INFORMATION_FORMAT = dwarf;
				ENABLE_STRICT_OBJC_MSGSEND = YES;
				ENABLE_TESTABILITY = YES;
				GCC_C_LANGUAGE_STANDARD = gnu99;
				GCC_DYNAMIC_NO_PIC = NO;
				GCC_NO_COMMON_BLOCKS = YES;
				GCC_OPTIMIZATION_LEVEL = 0;
				GCC_PREPROCESSOR_DEFINITIONS = (
					"DEBUG=1",
					"$(inherited)",
				);
				GCC_WARN_64_TO_32_BIT_CONVERSION = YES;
				GCC_WARN_ABOUT_RETURN_TYPE = YES_ERROR;
				GCC_WARN_UNDECLARED_SELECTOR = YES;
				GCC_WARN_UNINITIALIZED_AUTOS = YES_AGGRESSIVE;
				GCC_WARN_UNUSED_FUNCTION = YES;
				GCC_WARN_UNUSED_VARIABLE = YES;
				IPHONEOS_DEPLOYMENT_TARGET = 10.1;
				MTL_ENABLE_DEBUG_INFO = YES;
				ONLY_ACTIVE_ARCH = YES;
				SDKROOT = iphoneos;
				SWIFT_ACTIVE_COMPILATION_CONDITIONS = DEBUG;
				SWIFT_OPTIMIZATION_LEVEL = "-Onone";
				TARGETED_DEVICE_FAMILY = "1,2";
			};
			name = Debug;
		};
		192EBFDE1DD6EA95006A77F4 /* Release */ = {
			isa = XCBuildConfiguration;
			buildSettings = {
				ALWAYS_SEARCH_USER_PATHS = NO;
				CLANG_ANALYZER_NONNULL = YES;
				CLANG_CXX_LANGUAGE_STANDARD = "gnu++0x";
				CLANG_CXX_LIBRARY = "libc++";
				CLANG_ENABLE_MODULES = YES;
				CLANG_ENABLE_OBJC_ARC = YES;
				CLANG_WARN_BOOL_CONVERSION = YES;
				CLANG_WARN_CONSTANT_CONVERSION = YES;
				CLANG_WARN_DIRECT_OBJC_ISA_USAGE = YES_ERROR;
				CLANG_WARN_DOCUMENTATION_COMMENTS = YES;
				CLANG_WARN_EMPTY_BODY = YES;
				CLANG_WARN_ENUM_CONVERSION = YES;
				CLANG_WARN_INFINITE_RECURSION = YES;
				CLANG_WARN_INT_CONVERSION = YES;
				CLANG_WARN_OBJC_ROOT_CLASS = YES_ERROR;
				CLANG_WARN_SUSPICIOUS_MOVES = YES;
				CLANG_WARN_UNREACHABLE_CODE = YES;
				CLANG_WARN__DUPLICATE_METHOD_MATCH = YES;
				"CODE_SIGN_IDENTITY[sdk=iphoneos*]" = "iPhone Developer";
				COPY_PHASE_STRIP = NO;
				DEBUG_INFORMATION_FORMAT = "dwarf-with-dsym";
				ENABLE_NS_ASSERTIONS = NO;
				ENABLE_STRICT_OBJC_MSGSEND = YES;
				GCC_C_LANGUAGE_STANDARD = gnu99;
				GCC_NO_COMMON_BLOCKS = YES;
				GCC_WARN_64_TO_32_BIT_CONVERSION = YES;
				GCC_WARN_ABOUT_RETURN_TYPE = YES_ERROR;
				GCC_WARN_UNDECLARED_SELECTOR = YES;
				GCC_WARN_UNINITIALIZED_AUTOS = YES_AGGRESSIVE;
				GCC_WARN_UNUSED_FUNCTION = YES;
				GCC_WARN_UNUSED_VARIABLE = YES;
				IPHONEOS_DEPLOYMENT_TARGET = 10.1;
				MTL_ENABLE_DEBUG_INFO = NO;
				SDKROOT = iphoneos;
				SWIFT_OPTIMIZATION_LEVEL = "-Owholemodule";
				TARGETED_DEVICE_FAMILY = "1,2";
				VALIDATE_PRODUCT = YES;
			};
			name = Release;
		};
		192EBFE01DD6EA95006A77F4 /* Debug */ = {
			isa = XCBuildConfiguration;
			baseConfigurationReference = AF9B39D558FB2C5266A16973 /* Pods-Mixon.debug.xcconfig */;
			buildSettings = {
				ASSETCATALOG_COMPILER_APPICON_NAME = AppIcon;
				DEVELOPMENT_TEAM = GSYY7UBQ7A;
				INFOPLIST_FILE = Mixon/Info.plist;
				IPHONEOS_DEPLOYMENT_TARGET = 9.0;
				LD_RUNPATH_SEARCH_PATHS = "$(inherited) @executable_path/Frameworks";
				PRODUCT_BUNDLE_IDENTIFIER = jp.minami1389.Mixon;
				PRODUCT_NAME = "$(TARGET_NAME)";
				SWIFT_VERSION = 3.0;
			};
			name = Debug;
		};
		192EBFE11DD6EA95006A77F4 /* Release */ = {
			isa = XCBuildConfiguration;
			baseConfigurationReference = 044D7B4247D0722659BAED61 /* Pods-Mixon.release.xcconfig */;
			buildSettings = {
				ASSETCATALOG_COMPILER_APPICON_NAME = AppIcon;
				DEVELOPMENT_TEAM = GSYY7UBQ7A;
				INFOPLIST_FILE = Mixon/Info.plist;
				IPHONEOS_DEPLOYMENT_TARGET = 9.0;
				LD_RUNPATH_SEARCH_PATHS = "$(inherited) @executable_path/Frameworks";
				PRODUCT_BUNDLE_IDENTIFIER = jp.minami1389.Mixon;
				PRODUCT_NAME = "$(TARGET_NAME)";
				SWIFT_VERSION = 3.0;
			};
			name = Release;
		};
		192EBFE31DD6EA95006A77F4 /* Debug */ = {
			isa = XCBuildConfiguration;
			baseConfigurationReference = 66E2ACC2B2ECE0C3B55385BB /* Pods-MixonTests.debug.xcconfig */;
			buildSettings = {
				ALWAYS_EMBED_SWIFT_STANDARD_LIBRARIES = YES;
				BUNDLE_LOADER = "$(TEST_HOST)";
				INFOPLIST_FILE = MixonTests/Info.plist;
				LD_RUNPATH_SEARCH_PATHS = "$(inherited) @executable_path/Frameworks @loader_path/Frameworks";
				PRODUCT_BUNDLE_IDENTIFIER = jp.minami1389.MixonTests;
				PRODUCT_NAME = "$(TARGET_NAME)";
				SWIFT_VERSION = 3.0;
				TEST_HOST = "$(BUILT_PRODUCTS_DIR)/Mixon.app/Mixon";
			};
			name = Debug;
		};
		192EBFE41DD6EA95006A77F4 /* Release */ = {
			isa = XCBuildConfiguration;
			baseConfigurationReference = C31999F23FE7A36D7BAA17C3 /* Pods-MixonTests.release.xcconfig */;
			buildSettings = {
				ALWAYS_EMBED_SWIFT_STANDARD_LIBRARIES = YES;
				BUNDLE_LOADER = "$(TEST_HOST)";
				INFOPLIST_FILE = MixonTests/Info.plist;
				LD_RUNPATH_SEARCH_PATHS = "$(inherited) @executable_path/Frameworks @loader_path/Frameworks";
				PRODUCT_BUNDLE_IDENTIFIER = jp.minami1389.MixonTests;
				PRODUCT_NAME = "$(TARGET_NAME)";
				SWIFT_VERSION = 3.0;
				TEST_HOST = "$(BUILT_PRODUCTS_DIR)/Mixon.app/Mixon";
			};
			name = Release;
		};
		192EBFE61DD6EA95006A77F4 /* Debug */ = {
			isa = XCBuildConfiguration;
			baseConfigurationReference = EF6ABC5C698DC55A3F882975 /* Pods-MixonUITests.debug.xcconfig */;
			buildSettings = {
				ALWAYS_EMBED_SWIFT_STANDARD_LIBRARIES = YES;
				INFOPLIST_FILE = MixonUITests/Info.plist;
				LD_RUNPATH_SEARCH_PATHS = "$(inherited) @executable_path/Frameworks @loader_path/Frameworks";
				PRODUCT_BUNDLE_IDENTIFIER = jp.minami1389.MixonUITests;
				PRODUCT_NAME = "$(TARGET_NAME)";
				SWIFT_VERSION = 3.0;
				TEST_TARGET_NAME = Mixon;
			};
			name = Debug;
		};
		192EBFE71DD6EA95006A77F4 /* Release */ = {
			isa = XCBuildConfiguration;
			baseConfigurationReference = 20C2C7A157F1A4144D4BD7C2 /* Pods-MixonUITests.release.xcconfig */;
			buildSettings = {
				ALWAYS_EMBED_SWIFT_STANDARD_LIBRARIES = YES;
				INFOPLIST_FILE = MixonUITests/Info.plist;
				LD_RUNPATH_SEARCH_PATHS = "$(inherited) @executable_path/Frameworks @loader_path/Frameworks";
				PRODUCT_BUNDLE_IDENTIFIER = jp.minami1389.MixonUITests;
				PRODUCT_NAME = "$(TARGET_NAME)";
				SWIFT_VERSION = 3.0;
				TEST_TARGET_NAME = Mixon;
			};
			name = Release;
		};
/* End XCBuildConfiguration section */

/* Begin XCConfigurationList section */
		192EBFB21DD6EA94006A77F4 /* Build configuration list for PBXProject "Mixon" */ = {
			isa = XCConfigurationList;
			buildConfigurations = (
				192EBFDD1DD6EA95006A77F4 /* Debug */,
				192EBFDE1DD6EA95006A77F4 /* Release */,
			);
			defaultConfigurationIsVisible = 0;
			defaultConfigurationName = Release;
		};
		192EBFDF1DD6EA95006A77F4 /* Build configuration list for PBXNativeTarget "Mixon" */ = {
			isa = XCConfigurationList;
			buildConfigurations = (
				192EBFE01DD6EA95006A77F4 /* Debug */,
				192EBFE11DD6EA95006A77F4 /* Release */,
			);
			defaultConfigurationIsVisible = 0;
			defaultConfigurationName = Release;
		};
		192EBFE21DD6EA95006A77F4 /* Build configuration list for PBXNativeTarget "MixonTests" */ = {
			isa = XCConfigurationList;
			buildConfigurations = (
				192EBFE31DD6EA95006A77F4 /* Debug */,
				192EBFE41DD6EA95006A77F4 /* Release */,
			);
			defaultConfigurationIsVisible = 0;
			defaultConfigurationName = Release;
		};
		192EBFE51DD6EA95006A77F4 /* Build configuration list for PBXNativeTarget "MixonUITests" */ = {
			isa = XCConfigurationList;
			buildConfigurations = (
				192EBFE61DD6EA95006A77F4 /* Debug */,
				192EBFE71DD6EA95006A77F4 /* Release */,
			);
			defaultConfigurationIsVisible = 0;
			defaultConfigurationName = Release;
		};
/* End XCConfigurationList section */
	};
	rootObject = 192EBFAF1DD6EA94006A77F4 /* Project object */;
}
